PODS:
  - IQKeyboardManagerSwift (6.5.4)
  - KeychainAccess (4.1.0)
  - PromiseKit (6.12.0):
    - PromiseKit/CorePromise (= 6.12.0)
    - PromiseKit/Foundation (= 6.12.0)
    - PromiseKit/UIKit (= 6.12.0)
  - PromiseKit/CorePromise (6.12.0)
  - PromiseKit/Foundation (6.12.0):
    - PromiseKit/CorePromise
  - PromiseKit/UIKit (6.12.0):
    - PromiseKit/CorePromise

DEPENDENCIES:
  - IQKeyboardManagerSwift
  - KeychainAccess
  - PromiseKit

SPEC REPOS:
  trunk:
    - IQKeyboardManagerSwift
    - KeychainAccess
    - PromiseKit

SPEC CHECKSUMS:
  IQKeyboardManagerSwift: 2dde0fc70110e8eac7ccce2a46fdbec6a850b414
  KeychainAccess: 445e28864fe6d3458b41fa211bcdc39890e8bd5a
  PromiseKit: c06835ba442ce5454ce3cdde470232804a6e4ff8

PODFILE CHECKSUM: 1349382dd51128ec16095e8a3fd81cfc30bef1ff

COCOAPODS: 1.8.4
